
Microsoft Visual Studio Solution File, Format Version 12.00
# Visual Studio Version 16
VisualStudioVersion = 16.0.31624.102
MinimumVisualStudioVersion = 10.0.40219.1
Project("{FAE04EC0-301F-11D3-BF4B-00C04F79EFBC}") = "LibApp_Gr3", "LibApp_Gr3.csproj", "{C47311D2-C9B3-4EE9-93EE-017E06CD3C5B}"
EndProject
Global
	GlobalSection(SolutionConfigurationPlatforms) = preSolution
		Debug|Any CPU = Debug|Any CPU
		Release|Any CPU = Release|Any CPU
	EndGlobalSection
	GlobalSection(ProjectConfigurationPlatforms) = postSolution
		{C47311D2-C9B3-4EE9-93EE-017E06CD3C5B}.Debug|Any CPU.ActiveCfg = Debug|Any CPU
		{C47311D2-C9B3-4EE9-93EE-017E06CD3C5B}.Debug|Any CPU.Build.0 = Debug|Any CPU
		{C47311D2-C9B3-4EE9-93EE-017E06CD3C5B}.Release|Any CPU.ActiveCfg = Release|Any CPU
		{C47311D2-C9B3-4EE9-93EE-017E06CD3C5B}.Release|Any CPU.Build.0 = Release|Any CPU
	EndGlobalSection
	GlobalSection(SolutionProperties) = preSolution
		HideSolutionNode = FALSE
	EndGlobalSection
	GlobalSection(ExtensibilityGlobals) = postSolution
		SolutionGuid = {0B37C11B-7807-456D-879B-7F11C0CB3300}
	EndGlobalSection
EndGlobal
